
Microsoft Visual Studio Solution File, Format Version 12.00
# Visual Studio Version 16
VisualStudioVersion = 16.0.31019.35
MinimumVisualStudioVersion = 10.0.40219.1
Project("{FAE04EC0-301F-11D3-BF4B-00C04F79EFBC}") = "FlyCarApp.Android", "FlyCarApp\FlyCarApp.Android\FlyCarApp.Android.csproj", "{16941C3F-85E2-499B-9A90-286038371D3B}"
EndProject
Project("{FAE04EC0-301F-11D3-BF4B-00C04F79EFBC}") = "FlyCarApp.iOS", "FlyCarApp\FlyCarApp.iOS\FlyCarApp.iOS.csproj", "{24FCC51C-A878-40E9-BA95-1D47AA09A51B}"
EndProject
Project("{FAE04EC0-301F-11D3-BF4B-00C04F79EFBC}") = "FlyCarApp", "FlyCarApp\FlyCarApp\FlyCarApp.csproj", "{3612B0A3-F187-49EC-AC8B-03A78E5B5347}"
EndProject
Global
	GlobalSection(SolutionConfigurationPlatforms) = preSolution
		Debug|Any CPU = Debug|Any CPU
		Debug|iPhone = Debug|iPhone
		Debug|iPhoneSimulator = Debug|iPhoneSimulator
		Release|Any CPU = Release|Any CPU
		Release|iPhone = Release|iPhone
		Release|iPhoneSimulator = Release|iPhoneSimulator
	EndGlobalSection
	GlobalSection(ProjectConfigurationPlatforms) = postSolution
		{16941C3F-85E2-499B-9A90-286038371D3B}.Debug|Any CPU.ActiveCfg = Debug|Any CPU
		{16941C3F-85E2-499B-9A90-286038371D3B}.Debug|Any CPU.Build.0 = Debug|Any CPU
		{16941C3F-85E2-499B-9A90-286038371D3B}.Debug|Any CPU.Deploy.0 = Debug|Any CPU
		{16941C3F-85E2-499B-9A90-286038371D3B}.Debug|iPhone.ActiveCfg = Debug|Any CPU
		{16941C3F-85E2-499B-9A90-286038371D3B}.Debug|iPhone.Build.0 = Debug|Any CPU
		{16941C3F-85E2-499B-9A90-286038371D3B}.Debug|iPhone.Deploy.0 = Debug|Any CPU
		{16941C3F-85E2-499B-9A90-286038371D3B}.Debug|iPhoneSimulator.ActiveCfg = Debug|Any CPU
		{16941C3F-85E2-499B-9A90-286038371D3B}.Debug|iPhoneSimulator.Build.0 = Debug|Any CPU
		{16941C3F-85E2-499B-9A90-286038371D3B}.Debug|iPhoneSimulator.Deploy.0 = Debug|Any CPU
		{16941C3F-85E2-499B-9A90-286038371D3B}.Release|Any CPU.ActiveCfg = Release|Any CPU
		{16941C3F-85E2-499B-9A90-286038371D3B}.Release|Any CPU.Build.0 = Release|Any CPU
		{16941C3F-85E2-499B-9A90-286038371D3B}.Release|Any CPU.Deploy.0 = Release|Any CPU
		{16941C3F-85E2-499B-9A90-286038371D3B}.Release|iPhone.ActiveCfg = Release|Any CPU
		{16941C3F-85E2-499B-9A90-286038371D3B}.Release|iPhone.Build.0 = Release|Any CPU
		{16941C3F-85E2-499B-9A90-286038371D3B}.Release|iPhone.Deploy.0 = Release|Any CPU
		{16941C3F-85E2-499B-9A90-286038371D3B}.Release|iPhoneSimulator.ActiveCfg = Release|Any CPU
		{16941C3F-85E2-499B-9A90-286038371D3B}.Release|iPhoneSimulator.Build.0 = Release|Any CPU
		{16941C3F-85E2-499B-9A90-286038371D3B}.Release|iPhoneSimulator.Deploy.0 = Release|Any CPU
		{24FCC51C-A878-40E9-BA95-1D47AA09A51B}.Debug|Any CPU.ActiveCfg = Debug|iPhone
		{24FCC51C-A878-40E9-BA95-1D47AA09A51B}.Debug|Any CPU.Build.0 = Debug|iPhone
		{24FCC51C-A878-40E9-BA95-1D47AA09A51B}.Debug|Any CPU.Deploy.0 = Debug|iPhone
		{24FCC51C-A878-40E9-BA95-1D47AA09A51B}.Debug|iPhone.ActiveCfg = Debug|iPhone
		{24FCC51C-A878-40E9-BA95-1D47AA09A51B}.Debug|iPhone.Build.0 = Debug|iPhone
		{24FCC51C-A878-40E9-BA95-1D47AA09A51B}.Debug|iPhone.Deploy.0 = Debug|iPhone
		{24FCC51C-A878-40E9-BA95-1D47AA09A51B}.Debug|iPhoneSimulator.ActiveCfg = Debug|iPhoneSimulator
		{24FCC51C-A878-40E9-BA95-1D47AA09A51B}.Debug|iPhoneSimulator.Build.0 = Debug|iPhoneSimulator
		{24FCC51C-A878-40E9-BA95-1D47AA09A51B}.Debug|iPhoneSimulator.Deploy.0 = Debug|iPhoneSimulator
		{24FCC51C-A878-40E9-BA95-1D47AA09A51B}.Release|Any CPU.ActiveCfg = Release|iPhoneSimulator
		{24FCC51C-A878-40E9-BA95-1D47AA09A51B}.Release|Any CPU.Build.0 = Release|iPhoneSimulator
		{24FCC51C-A878-40E9-BA95-1D47AA09A51B}.Release|Any CPU.Deploy.0 = Release|iPhoneSimulator
		{24FCC51C-A878-40E9-BA95-1D47AA09A51B}.Release|iPhone.ActiveCfg = Release|iPhone
		{24FCC51C-A878-40E9-BA95-1D47AA09A51B}.Release|iPhone.Build.0 = Release|iPhone
		{24FCC51C-A878-40E9-BA95-1D47AA09A51B}.Release|iPhone.Deploy.0 = Release|iPhone
		{24FCC51C-A878-40E9-BA95-1D47AA09A51B}.Release|iPhoneSimulator.ActiveCfg = Release|iPhoneSimulator
		{24FCC51C-A878-40E9-BA95-1D47AA09A51B}.Release|iPhoneSimulator.Build.0 = Release|iPhoneSimulator
		{24FCC51C-A878-40E9-BA95-1D47AA09A51B}.Release|iPhoneSimulator.Deploy.0 = Release|iPhoneSimulator
		{3612B0A3-F187-49EC-AC8B-03A78E5B5347}.Debug|Any CPU.ActiveCfg = Debug|Any CPU
		{3612B0A3-F187-49EC-AC8B-03A78E5B5347}.Debug|Any CPU.Build.0 = Debug|Any CPU
		{3612B0A3-F187-49EC-AC8B-03A78E5B5347}.Debug|Any CPU.Deploy.0 = Debug|Any CPU
		{3612B0A3-F187-49EC-AC8B-03A78E5B5347}.Debug|iPhone.ActiveCfg = Debug|Any CPU
		{3612B0A3-F187-49EC-AC8B-03A78E5B5347}.Debug|iPhone.Build.0 = Debug|Any CPU
		{3612B0A3-F187-49EC-AC8B-03A78E5B5347}.Debug|iPhone.Deploy.0 = Debug|Any CPU
		{3612B0A3-F187-49EC-AC8B-03A78E5B5347}.Debug|iPhoneSimulator.ActiveCfg = Debug|Any CPU
		{3612B0A3-F187-49EC-AC8B-03A78E5B5347}.Debug|iPhoneSimulator.Build.0 = Debug|Any CPU
		{3612B0A3-F187-49EC-AC8B-03A78E5B5347}.Debug|iPhoneSimulator.Deploy.0 = Debug|Any CPU
		{3612B0A3-F187-49EC-AC8B-03A78E5B5347}.Release|Any CPU.ActiveCfg = Release|Any CPU
		{3612B0A3-F187-49EC-AC8B-03A78E5B5347}.Release|Any CPU.Build.0 = Release|Any CPU
		{3612B0A3-F187-49EC-AC8B-03A78E5B5347}.Release|Any CPU.Deploy.0 = Release|Any CPU
		{3612B0A3-F187-49EC-AC8B-03A78E5B5347}.Release|iPhone.ActiveCfg = Release|Any CPU
		{3612B0A3-F187-49EC-AC8B-03A78E5B5347}.Release|iPhone.Build.0 = Release|Any CPU
		{3612B0A3-F187-49EC-AC8B-03A78E5B5347}.Release|iPhone.Deploy.0 = Release|Any CPU
		{3612B0A3-F187-49EC-AC8B-03A78E5B5347}.Release|iPhoneSimulator.ActiveCfg = Release|Any CPU
		{3612B0A3-F187-49EC-AC8B-03A78E5B5347}.Release|iPhoneSimulator.Build.0 = Release|Any CPU
		{3612B0A3-F187-49EC-AC8B-03A78E5B5347}.Release|iPhoneSimulator.Deploy.0 = Release|Any CPU
	EndGlobalSection
	GlobalSection(SolutionProperties) = preSolution
		HideSolutionNode = FALSE
	EndGlobalSection
	GlobalSection(ExtensibilityGlobals) = postSolution
		SolutionGuid = {812B825A-88E8-4163-A5D7-A22AAB89A8A1}
	EndGlobalSection
EndGlobal
